
Microsoft Visual Studio Solution File, Format Version 12.00
Project("{FAE04EC0-301F-11D3-BF4B-00C04F79EFBC}") = "EntityFrameworkCoreMigrations", "EntityFrameworkCoreMigrations\EntityFrameworkCoreMigrations.csproj", "{5A926AC3-7DE1-4BC8-A2CE-D7AF54C86725}"
EndProject
Global
	GlobalSection(SolutionConfigurationPlatforms) = preSolution
		Debug|Any CPU = Debug|Any CPU
		Release|Any CPU = Release|Any CPU
	EndGlobalSection
	GlobalSection(ProjectConfigurationPlatforms) = postSolution
		{5A926AC3-7DE1-4BC8-A2CE-D7AF54C86725}.Debug|Any CPU.ActiveCfg = Debug|Any CPU
		{5A926AC3-7DE1-4BC8-A2CE-D7AF54C86725}.Debug|Any CPU.Build.0 = Debug|Any CPU
		{5A926AC3-7DE1-4BC8-A2CE-D7AF54C86725}.Release|Any CPU.ActiveCfg = Release|Any CPU
		{5A926AC3-7DE1-4BC8-A2CE-D7AF54C86725}.Release|Any CPU.Build.0 = Release|Any CPU
	EndGlobalSection
EndGlobal
